lockfileVersion: '9.0'

settings:
  autoInstallPeers: true
  excludeLinksFromLockfile: false

importers:

  .:
    devDependencies:
      '@axe-core/playwright':
        specifier: 4.12.1
        version: 4.12.1(playwright-core@1.62.0)
      '@playwright/test':
        specifier: 1.62.0
        version: 1.62.0
      '@types/node':
        specifier: 24.13.3
        version: 24.13.3
      typescript:
        specifier: 6.0.3
        version: 6.0.3

packages:

  '@axe-core/playwright@4.12.1':
    resolution: {integrity: sha512-rMd7xriptqKpP+w5265i4Hdkv2X5kbu6uiBi/B2I7uf3hieRBM3qDCfaKPtxfiYb2mKXfF+yLODJwIx+Jv1GDw==}
    peerDependencies:
      playwright-core: '>= 1.0.0'

  '@playwright/test@1.62.0':
    resolution: {integrity: sha512-9zOJ6ZQRAena31MpOH9VSzIz8Ou3YJ/wtY/eQm5T2uhfhG7/U3COrMS8xOtUrZrp9OgdmzEnIYODye3nY1VqzA==}
    engines: {node: '>=20'}
    hasBin: true

  '@types/node@24.13.3':
    resolution: {integrity: sha512-Dh8vAsV36ig5wa9OX4pXvMc9D3Veibfw2wix0CUwYODLD8nkj9UsLjASr49nPg+2eKzxhBV+v7L8pXvT4e639Q==}

  axe-core@4.12.1:
    resolution: {integrity: sha512-s7iGf5GaVMxEG0ENN9x+xTr7GFZCb1ZP/1uATUpCEK2X78nDB3RwbtFCo9pGAf9ru+VwoQ464DkaLEeRM08wJA==}
    engines: {node: '>=4'}

  fsevents@2.3.2:
    resolution: {integrity: sha512-xiqMQR4xAeHTuB9uWm+fFRcIOgKBMiOBP+eXiyT7jsgVCq1bkVygt00oASowB7EdtpOHaaPgKt812P9ab+DDKA==}
    engines: {node: ^8.16.0 || ^10.6.0 || >=11.0.0}
    os: [darwin]

  playwright-core@1.62.0:
    resolution: {integrity: sha512-nsNRyq0r2zsG8AcRHWknc9QRA5XCueC7gWMrs+Gx2tlZn9hcl8zudfh00lhJPY1DE7NmZ6bDsT9g2yey8mXljA==}
    engines: {node: '>=20'}
    hasBin: true

  playwright@1.62.0:
    resolution: {integrity: sha512-Z14dG305dgaLu6foB1TXQagFiW8JfSUIUaUuPaKQ6NtBPKF1P/qXcqfh6c6K/icPqdy37JmjbiBXf6JNg6Sylw==}
    engines: {node: '>=20'}
    hasBin: true

  typescript@6.0.3:
    resolution: {integrity: sha512-y2TvuxSZPDyQakkFRPZHKFm+KKVqIisdg9/CZwm9ftvKXLP8NRWj38/ODjNbr43SsoXqNuAisEf1GdCxqWcdBw==}
    engines: {node: '>=14.17'}
    hasBin: true

  undici-types@7.18.2:
    resolution: {integrity: sha512-AsuCzffGHJybSaRrmr5eHr81mwJU3kjw6M+uprWvCXiNeN9SOGwQ3Jn8jb8m3Z6izVgknn1R0FTCEAP2QrLY/w==}

snapshots:

  '@axe-core/playwright@4.12.1(playwright-core@1.62.0)':
    dependencies:
      axe-core: 4.12.1
      playwright-core: 1.62.0

  '@playwright/test@1.62.0':
    dependencies:
      playwright: 1.62.0

  '@types/node@24.13.3':
    dependencies:
      undici-types: 7.18.2

  axe-core@4.12.1: {}

  fsevents@2.3.2:
    optional: true

  playwright-core@1.62.0: {}

  playwright@1.62.0:
    dependencies:
      playwright-core: 1.62.0
    optionalDependencies:
      fsevents: 2.3.2

  typescript@6.0.3: {}

  undici-types@7.18.2: {}
